// !$*UTF8*$!
{
	archiveVersion = 1;
	classes = {
	};
	objectVersion = 50;
	objects = {

/* Begin PBXBuildFile section */
		BC0850C321CE62840018415D /* BoughtTableViewCell.swift in Sources */ = {isa = PBXBuildFile; fileRef = BC0850C121CE62840018415D /* BoughtTableViewCell.swift */; };
		BC0850C421CE62840018415D /* BoughtTableViewCell.xib in Resources */ = {isa = PBXBuildFile; fileRef = BC0850C221CE62840018415D /* BoughtTableViewCell.xib */; };
		BC090E8B21C3BA0A00B3ABF1 /* CustomTableViewCell.xib in Resources */ = {isa = PBXBuildFile; fileRef = BC090E8921C3BA0A00B3ABF1 /* CustomTableViewCell.xib */; };
		BC090E8D21C3BB7300B3ABF1 /* CustomTableViewCell.swift in Sources */ = {isa = PBXBuildFile; fileRef = BC090E8821C3BA0A00B3ABF1 /* CustomTableViewCell.swift */; };
		BC6809ED21959686000E4757 /* AppDelegate.swift in Sources */ = {isa = PBXBuildFile; fileRef = BC6809EC21959686000E4757 /* AppDelegate.swift */; };
		BC6809EF21959686000E4757 /* ViewController.swift in Sources */ = {isa = PBXBuildFile; fileRef = BC6809EE21959686000E4757 /* ViewController.swift */; };
		BC6809F221959686000E4757 /* Main.storyboard in Resources */ = {isa = PBXBuildFile; fileRef = BC6809F021959686000E4757 /* Main.storyboard */; };
		BC6809F421959687000E4757 /* Assets.xcassets in Resources */ = {isa = PBXBuildFile; fileRef = BC6809F321959687000E4757 /* Assets.xcassets */; };
		BC6809F721959687000E4757 /* LaunchScreen.storyboard in Resources */ = {isa = PBXBuildFile; fileRef = BC6809F521959687000E4757 /* LaunchScreen.storyboard */; };
		BC680A0221959687000E4757 /* Cash_RegisterTests.swift in Sources */ = {isa = PBXBuildFile; fileRef = BC680A0121959687000E4757 /* Cash_RegisterTests.swift */; };
		BC680A0D21959687000E4757 /* Cash_RegisterUITests.swift in Sources */ = {isa = PBXBuildFile; fileRef = BC680A0C21959687000E4757 /* Cash_RegisterUITests.swift */; };
		BC680A1D21959CD2000E4757 /* KaimonoViewController.swift in Sources */ = {isa = PBXBuildFile; fileRef = BC680A1C21959CD2000E4757 /* KaimonoViewController.swift */; };
		BC680A1F21959CE0000E4757 /* KaikeiViewController.swift in Sources */ = {isa = PBXBuildFile; fileRef = BC680A1E21959CE0000E4757 /* KaikeiViewController.swift */; };
		BC680A2121959CF6000E4757 /* ShouhinTourokuViewController.swift in Sources */ = {isa = PBXBuildFile; fileRef = BC680A2021959CF6000E4757 /* ShouhinTourokuViewController.swift */; };
		BCB38B8921F0577A00D02172 /* BoughtTableView.swift in Sources */ = {isa = PBXBuildFile; fileRef = BCB38B8821F0577A00D02172 /* BoughtTableView.swift */; };
/* End PBXBuildFile section */

/* Begin PBXContainerItemProxy section */
		BC6809FE21959687000E4757 /* PBXContainerItemProxy */ = {
			isa = PBXContainerItemProxy;
			containerPortal = BC6809E121959686000E4757 /* Project object */;
			proxyType = 1;
			remoteGlobalIDString = BC6809E821959686000E4757;
			remoteInfo = "Cash Register";
		};
		BC680A0921959687000E4757 /* PBXContainerItemProxy */ = {
			isa = PBXContainerItemProxy;
			containerPortal = BC6809E121959686000E4757 /* Project object */;
			proxyType = 1;
			remoteGlobalIDString = BC6809E821959686000E4757;
			remoteInfo = "Cash Register";
		};
/* End PBXContainerItemProxy section */

/* Begin PBXFileReference section */
		BC0850C121CE62840018415D /* BoughtTableViewCell.swift */ = {isa = PBXFileReference; lastKnownFileType = sourcecode.swift; path = BoughtTableViewCell.swift; sourceTree = "<group>"; };
		BC0850C221CE62840018415D /* BoughtTableViewCell.xib */ = {isa = PBXFileReference; lastKnownFileType = file.xib; path = BoughtTableViewCell.xib; sourceTree = "<group>"; };
		BC090E8821C3BA0A00B3ABF1 /* CustomTableViewCell.swift */ = {isa = PBXFileReference; lastKnownFileType = sourcecode.swift; path = CustomTableViewCell.swift; sourceTree = "<group>"; };
		BC090E8921C3BA0A00B3ABF1 /* CustomTableViewCell.xib */ = {isa = PBXFileReference; lastKnownFileType = file.xib; path = CustomTableViewCell.xib; sourceTree = "<group>"; };
		BC6809E921959686000E4757 /* Cash Register.app */ = {isa = PBXFileReference; explicitFileType = wrapper.application; includeInIndex = 0; path = "Cash Register.app"; sourceTree = BUILT_PRODUCTS_DIR; };
		BC6809EC21959686000E4757 /* AppDelegate.swift */ = {isa = PBXFileReference; lastKnownFileType = sourcecode.swift; path = AppDelegate.swift; sourceTree = "<group>"; };
		BC6809EE21959686000E4757 /* ViewController.swift */ = {isa = PBXFileReference; lastKnownFileType = sourcecode.swift; path = ViewController.swift; sourceTree = "<group>"; };
		BC6809F121959686000E4757 /* Base */ = {isa = PBXFileReference; lastKnownFileType = file.storyboard; name = Base; path = Base.lproj/Main.storyboard; sourceTree = "<group>"; };
		BC6809F321959687000E4757 /* Assets.xcassets */ = {isa = PBXFileReference; lastKnownFileType = folder.assetcatalog; path = Assets.xcassets; sourceTree = "<group>"; };
		BC6809F621959687000E4757 /* Base */ = {isa = PBXFileReference; lastKnownFileType = file.storyboard; name = Base; path = Base.lproj/LaunchScreen.storyboard; sourceTree = "<group>"; };
		BC6809F821959687000E4757 /* Info.plist */ = {isa = PBXFileReference; lastKnownFileType = text.plist.xml; path = Info.plist; sourceTree = "<group>"; };
		BC6809FD21959687000E4757 /* Cash RegisterTests.xctest */ = {isa = PBXFileReference; explicitFileType = wrapper.cfbundle; includeInIndex = 0; path = "Cash RegisterTests.xctest"; sourceTree = BUILT_PRODUCTS_DIR; };
		BC680A0121959687000E4757 /* Cash_RegisterTests.swift */ = {isa = PBXFileReference; lastKnownFileType = sourcecode.swift; path = Cash_RegisterTests.swift; sourceTree = "<group>"; };
		BC680A0321959687000E4757 /* Info.plist */ = {isa = PBXFileReference; lastKnownFileType = text.plist.xml; path = Info.plist; sourceTree = "<group>"; };
		BC680A0821959687000E4757 /* Cash RegisterUITests.xctest */ = {isa = PBXFileReference; explicitFileType = wrapper.cfbundle; includeInIndex = 0; path = "Cash RegisterUITests.xctest"; sourceTree = BUILT_PRODUCTS_DIR; };
		BC680A0C21959687000E4757 /* Cash_RegisterUITests.swift */ = {isa = PBXFileReference; lastKnownFileType = sourcecode.swift; path = Cash_RegisterUITests.swift; sourceTree = "<group>"; };
		BC680A0E21959687000E4757 /* Info.plist */ = {isa = PBXFileReference; lastKnownFileType = text.plist.xml; path = Info.plist; sourceTree = "<group>"; };
		BC680A1C21959CD2000E4757 /* KaimonoViewController.swift */ = {isa = PBXFileReference; lastKnownFileType = sourcecode.swift; path = KaimonoViewController.swift; sourceTree = "<group>"; };
		BC680A1E21959CE0000E4757 /* KaikeiViewController.swift */ = {isa = PBXFileReference; lastKnownFileType = sourcecode.swift; path = KaikeiViewController.swift; sourceTree = "<group>"; };
		BC680A2021959CF6000E4757 /* ShouhinTourokuViewController.swift */ = {isa = PBXFileReference; lastKnownFileType = sourcecode.swift; path = ShouhinTourokuViewController.swift; sourceTree = "<group>"; };
		BCB38B8821F0577A00D02172 /* BoughtTableView.swift */ = {isa = PBXFileReference; lastKnownFileType = sourcecode.swift; path = BoughtTableView.swift; sourceTree = "<group>"; };
/* End PBXFileReference section */

/* Begin PBXFrameworksBuildPhase section */
		BC6809E621959686000E4757 /* Frameworks */ = {
			isa = PBXFrameworksBuildPhase;
			buildActionMask = 2147483647;
			files = (
			);
			runOnlyForDeploymentPostprocessing = 0;
		};
		BC6809FA21959687000E4757 /* Frameworks */ = {
			isa = PBXFrameworksBuildPhase;
			buildActionMask = 2147483647;
			files = (
			);
			runOnlyForDeploymentPostprocessing = 0;
		};
		BC680A0521959687000E4757 /* Frameworks */ = {
			isa = PBXFrameworksBuildPhase;
			buildActionMask = 2147483647;
			files = (
			);
			runOnlyForDeploymentPostprocessing = 0;
		};
/* End PBXFrameworksBuildPhase section */

/* Begin PBXGroup section */
		BC6809E021959686000E4757 = {
			isa = PBXGroup;
			children = (
				BC6809EB21959686000E4757 /* Cash Register */,
				BC680A0021959687000E4757 /* Cash RegisterTests */,
				BC680A0B21959687000E4757 /* Cash RegisterTests */,
				BC6809EA21959686000E4757 /* Products */,
			);
			sourceTree = "<group>";
		};
		BC6809EA21959686000E4757 /* Products */ = {
			isa = PBXGroup;
			children = (
				BC6809E921959686000E4757 /* Cash Register.app */,
				BC6809FD21959687000E4757 /* Cash RegisterTests.xctest */,
				BC680A0821959687000E4757 /* Cash RegisterUITests.xctest */,
			);
			name = Products;
			sourceTree = "<group>";
		};
		BC6809EB21959686000E4757 /* Cash Register */ = {
			isa = PBXGroup;
			children = (
				BC6809EC21959686000E4757 /* AppDelegate.swift */,
				BC6809F321959687000E4757 /* Assets.xcassets */,
				BC6809F021959686000E4757 /* Main.storyboard */,
				BC6809F821959687000E4757 /* Info.plist */,
				BC6809F521959687000E4757 /* LaunchScreen.storyboard */,
				BC680A1E21959CE0000E4757 /* KaikeiViewController.swift */,
				BC680A1C21959CD2000E4757 /* KaimonoViewController.swift */,
				BC680A2021959CF6000E4757 /* ShouhinTourokuViewController.swift */,
				BC6809EE21959686000E4757 /* ViewController.swift */,
				BC0850C121CE62840018415D /* BoughtTableViewCell.swift */,
				BC0850C221CE62840018415D /* BoughtTableViewCell.xib */,
				BC090E8821C3BA0A00B3ABF1 /* CustomTableViewCell.swift */,
				BC090E8921C3BA0A00B3ABF1 /* CustomTableViewCell.xib */,
				BCB38B8821F0577A00D02172 /* BoughtTableView.swift */,
			);
			path = "Cash Register";
			sourceTree = "<group>";
		};
		BC680A0021959687000E4757 /* Cash RegisterTests */ = {
			isa = PBXGroup;
			children = (
				BC680A0121959687000E4757 /* Cash_RegisterTests.swift */,
				BC680A0321959687000E4757 /* Info.plist */,
			);
			path = "Cash RegisterTests";
			sourceTree = "<group>";
		};
		BC680A0B21959687000E4757 /* Cash RegisterTests */ = {
			isa = PBXGroup;
			children = (
				BC680A0C21959687000E4757 /* Cash_RegisterUITests.swift */,
				BC680A0E21959687000E4757 /* Info.plist */,
			);
			name = "Cash RegisterTests";
			path = BillUITests;
			sourceTree = "<group>";
		};
/* End PBXGroup section */

/* Begin PBXNativeTarget section */
		BC6809E821959686000E4757 /* Cash Register */ = {
			isa = PBXNativeTarget;
			buildConfigurationList = BC680A1121959687000E4757 /* Build configuration list for PBXNativeTarget "Cash Register" */;
			buildPhases = (
				BC6809E521959686000E4757 /* Sources */,
				BC6809E621959686000E4757 /* Frameworks */,
				BC6809E721959686000E4757 /* Resources */,
			);
			buildRules = (
			);
			dependencies = (
			);
			name = "Cash Register";
			productName = "Cash Register";
			productReference = BC6809E921959686000E4757 /* Cash Register.app */;
			productType = "com.apple.product-type.application";
		};
		BC6809FC21959687000E4757 /* Cash RegisterTests */ = {
			isa = PBXNativeTarget;
			buildConfigurationList = BC680A1421959687000E4757 /* Build configuration list for PBXNativeTarget "Cash RegisterTests" */;
			buildPhases = (
				BC6809F921959687000E4757 /* Sources */,
				BC6809FA21959687000E4757 /* Frameworks */,
				BC6809FB21959687000E4757 /* Resources */,
			);
			buildRules = (
			);
			dependencies = (
				BC6809FF21959687000E4757 /* PBXTargetDependency */,
			);
			name = "Cash RegisterTests";
			productName = "Cash RegisterTests";
			productReference = BC6809FD21959687000E4757 /* Cash RegisterTests.xctest */;
			productType = "com.apple.product-type.bundle.unit-test";
		};
		BC680A0721959687000E4757 /* Cash RegisterUITests */ = {
			isa = PBXNativeTarget;
			buildConfigurationList = BC680A1721959687000E4757 /* Build configuration list for PBXNativeTarget "Cash RegisterUITests" */;
			buildPhases = (
				BC680A0421959687000E4757 /* Sources */,
				BC680A0521959687000E4757 /* Frameworks */,
				BC680A0621959687000E4757 /* Resources */,
			);
			buildRules = (
			);
			dependencies = (
				BC680A0A21959687000E4757 /* PBXTargetDependency */,
			);
			name = "Cash RegisterUITests";
			productName = "Cash RegisterUITests";
			productReference = BC680A0821959687000E4757 /* Cash RegisterUITests.xctest */;
			productType = "com.apple.product-type.bundle.ui-testing";
		};
/* End PBXNativeTarget section */

/* Begin PBXProject section */
		BC6809E121959686000E4757 /* Project object */ = {
			isa = PBXProject;
			attributes = {
				LastSwiftUpdateCheck = 1010;
				LastUpgradeCheck = 1010;
				ORGANIZATIONNAME = "芝本　将豊";
				TargetAttributes = {
					BC6809E821959686000E4757 = {
						CreatedOnToolsVersion = 10.1;
					};
					BC6809FC21959687000E4757 = {
						CreatedOnToolsVersion = 10.1;
						TestTargetID = BC6809E821959686000E4757;
					};
					BC680A0721959687000E4757 = {
						CreatedOnToolsVersion = 10.1;
						TestTargetID = BC6809E821959686000E4757;
					};
				};
			};
			buildConfigurationList = BC6809E421959686000E4757 /* Build configuration list for PBXProject "Cash Register" */;
			compatibilityVersion = "Xcode 9.3";
			developmentRegion = en;
			hasScannedForEncodings = 0;
			knownRegions = (
				en,
				Base,
			);
			mainGroup = BC6809E021959686000E4757;
			productRefGroup = BC6809EA21959686000E4757 /* Products */;
			projectDirPath = "";
			projectRoot = "";
			targets = (
				BC6809E821959686000E4757 /* Cash Register */,
				BC6809FC21959687000E4757 /* Cash RegisterTests */,
				BC680A0721959687000E4757 /* Cash RegisterUITests */,
			);
		};
/* End PBXProject section */

/* Begin PBXResourcesBuildPhase section */
		BC6809E721959686000E4757 /* Resources */ = {
			isa = PBXResourcesBuildPhase;
			buildActionMask = 2147483647;
			files = (
				BC6809F721959687000E4757 /* LaunchScreen.storyboard in Resources */,
				BC6809F421959687000E4757 /* Assets.xcassets in Resources */,
				BC090E8B21C3BA0A00B3ABF1 /* CustomTableViewCell.xib in Resources */,
				BC0850C421CE62840018415D /* BoughtTableViewCell.xib in Resources */,
				BC6809F221959686000E4757 /* Main.storyboard in Resources */,
			);
			runOnlyForDeploymentPostprocessing = 0;
		};
		BC6809FB21959687000E4757 /* Resources */ = {
			isa = PBXResourcesBuildPhase;
			buildActionMask = 2147483647;
			files = (
			);
			runOnlyForDeploymentPostprocessing = 0;
		};
		BC680A0621959687000E4757 /* Resources */ = {
			isa = PBXResourcesBuildPhase;
			buildActionMask = 2147483647;
			files = (
			);
			runOnlyForDeploymentPostprocessing = 0;
		};
/* End PBXResourcesBuildPhase section */

/* Begin PBXSourcesBuildPhase section */
		BC6809E521959686000E4757 /* Sources */ = {
			isa = PBXSourcesBuildPhase;
			buildActionMask = 2147483647;
			files = (
				BC090E8D21C3BB7300B3ABF1 /* CustomTableViewCell.swift in Sources */,
				BC680A1D21959CD2000E4757 /* KaimonoViewController.swift in Sources */,
				BC680A2121959CF6000E4757 /* ShouhinTourokuViewController.swift in Sources */,
				BC6809EF21959686000E4757 /* ViewController.swift in Sources */,
				BCB38B8921F0577A00D02172 /* BoughtTableView.swift in Sources */,
				BC680A1F21959CE0000E4757 /* KaikeiViewController.swift in Sources */,
				BC0850C321CE62840018415D /* BoughtTableViewCell.swift in Sources */,
				BC6809ED21959686000E4757 /* AppDelegate.swift in Sources */,
			);
			runOnlyForDeploymentPostprocessing = 0;
		};
		BC6809F921959687000E4757 /* Sources */ = {
			isa = PBXSourcesBuildPhase;
			buildActionMask = 2147483647;
			files = (
				BC680A0221959687000E4757 /* Cash_RegisterTests.swift in Sources */,
			);
			runOnlyForDeploymentPostprocessing = 0;
		};
		BC680A0421959687000E4757 /* Sources */ = {
			isa = PBXSourcesBuildPhase;
			buildActionMask = 2147483647;
			files = (
				BC680A0D21959687000E4757 /* Cash_RegisterUITests.swift in Sources */,
			);
			runOnlyForDeploymentPostprocessing = 0;
		};
/* End PBXSourcesBuildPhase section */

/* Begin PBXTargetDependency section */
		BC6809FF21959687000E4757 /* PBXTargetDependency */ = {
			isa = PBXTargetDependency;
			target = BC6809E821959686000E4757 /* Cash Register */;
			targetProxy = BC6809FE21959687000E4757 /* PBXContainerItemProxy */;
		};
		BC680A0A21959687000E4757 /* PBXTargetDependency */ = {
			isa = PBXTargetDependency;
			target = BC6809E821959686000E4757 /* Cash Register */;
			targetProxy = BC680A0921959687000E4757 /* PBXContainerItemProxy */;
		};
/* End PBXTargetDependency section */

/* Begin PBXVariantGroup section */
		BC6809F021959686000E4757 /* Main.storyboard */ = {
			isa = PBXVariantGroup;
			children = (
				BC6809F121959686000E4757 /* Base */,
			);
			name = Main.storyboard;
			sourceTree = "<group>";
		};
		BC6809F521959687000E4757 /* LaunchScreen.storyboard */ = {
			isa = PBXVariantGroup;
			children = (
				BC6809F621959687000E4757 /* Base */,
			);
			name = LaunchScreen.storyboard;
			sourceTree = "<group>";
		};
/* End PBXVariantGroup section */

/* Begin XCBuildConfiguration section */
		BC680A0F21959687000E4757 /* Debug */ = {
			isa = XCBuildConfiguration;
			buildSettings = {
				ALWAYS_SEARCH_USER_PATHS = NO;
				CLANG_ANALYZER_NONNULL = YES;
				CLANG_ANALYZER_NUMBER_OBJECT_CONVERSION = YES_AGGRESSIVE;
				CLANG_CXX_LANGUAGE_STANDARD = "gnu++14";
				CLANG_CXX_LIBRARY = "libc++";
				CLANG_ENABLE_MODULES = YES;
				CLANG_ENABLE_OBJC_ARC = YES;
				CLANG_ENABLE_OBJC_WEAK = YES;
				CLANG_WARN_BLOCK_CAPTURE_AUTORELEASING = YES;
				CLANG_WARN_BOOL_CONVERSION = YES;
				CLANG_WARN_COMMA = YES;
				CLANG_WARN_CONSTANT_CONVERSION = YES;
				CLANG_WARN_DEPRECATED_OBJC_IMPLEMENTATIONS = YES;
				CLANG_WARN_DIRECT_OBJC_ISA_USAGE = YES_ERROR;
				CLANG_WARN_DOCUMENTATION_COMMENTS = YES;
				CLANG_WARN_EMPTY_BODY = YES;
				CLANG_WARN_ENUM_CONVERSION = YES;
				CLANG_WARN_INFINITE_RECURSION = YES;
				CLANG_WARN_INT_CONVERSION = YES;
				CLANG_WARN_NON_LITERAL_NULL_CONVERSION = YES;
				CLANG_WARN_OBJC_IMPLICIT_RETAIN_SELF = YES;
				CLANG_WARN_OBJC_LITERAL_CONVERSION = YES;
				CLANG_WARN_OBJC_ROOT_CLASS = YES_ERROR;
				CLANG_WARN_RANGE_LOOP_ANALYSIS = YES;
				CLANG_WARN_STRICT_PROTOTYPES = YES;
				CLANG_WARN_SUSPICIOUS_MOVE = YES;
				CLANG_WARN_UNGUARDED_AVAILABILITY = YES_AGGRESSIVE;
				CLANG_WARN_UNREACHABLE_CODE = YES;
				CLANG_WARN__DUPLICATE_METHOD_MATCH = YES;
				CODE_SIGN_IDENTITY = "iPhone Developer";
				COPY_PHASE_STRIP = NO;
				DEBUG_INFORMATION_FORMAT = dwarf;
				ENABLE_STRICT_OBJC_MSGSEND = YES;
				ENABLE_TESTABILITY = YES;
				GCC_C_LANGUAGE_STANDARD = gnu11;
				GCC_DYNAMIC_NO_PIC = NO;
				GCC_NO_COMMON_BLOCKS = YES;
				GCC_OPTIMIZATION_LEVEL = 0;
				GCC_PREPROCESSOR_DEFINITIONS = (
					"DEBUG=1",
					"$(inherited)",
				);
				GCC_WARN_64_TO_32_BIT_CONVERSION = YES;
				GCC_WARN_ABOUT_RETURN_TYPE = YES_ERROR;
				GCC_WARN_UNDECLARED_SELECTOR = YES;
				GCC_WARN_UNINITIALIZED_AUTOS = YES_AGGRESSIVE;
				GCC_WARN_UNUSED_FUNCTION = YES;
				GCC_WARN_UNUSED_VARIABLE = YES;
				IPHONEOS_DEPLOYMENT_TARGET = 12.0;
				MTL_ENABLE_DEBUG_INFO = INCLUDE_SOURCE;
				MTL_FAST_MATH = YES;
				ONLY_ACTIVE_ARCH = YES;
				SDKROOT = iphoneos;
				SWIFT_ACTIVE_COMPILATION_CONDITIONS = DEBUG;
				SWIFT_OPTIMIZATION_LEVEL = "-Onone";
			};
			name = Debug;
		};
		BC680A1021959687000E4757 /* Release */ = {
			isa = XCBuildConfiguration;
			buildSettings = {
				ALWAYS_SEARCH_USER_PATHS = NO;
				CLANG_ANALYZER_NONNULL = YES;
				CLANG_ANALYZER_NUMBER_OBJECT_CONVERSION = YES_AGGRESSIVE;
				CLANG_CXX_LANGUAGE_STANDARD = "gnu++14";
				CLANG_CXX_LIBRARY = "libc++";
				CLANG_ENABLE_MODULES = YES;
				CLANG_ENABLE_OBJC_ARC = YES;
				CLANG_ENABLE_OBJC_WEAK = YES;
				CLANG_WARN_BLOCK_CAPTURE_AUTORELEASING = YES;
				CLANG_WARN_BOOL_CONVERSION = YES;
				CLANG_WARN_COMMA = YES;
				CLANG_WARN_CONSTANT_CONVERSION = YES;
				CLANG_WARN_DEPRECATED_OBJC_IMPLEMENTATIONS = YES;
				CLANG_WARN_DIRECT_OBJC_ISA_USAGE = YES_ERROR;
				CLANG_WARN_DOCUMENTATION_COMMENTS = YES;
				CLANG_WARN_EMPTY_BODY = YES;
				CLANG_WARN_ENUM_CONVERSION = YES;
				CLANG_WARN_INFINITE_RECURSION = YES;
				CLANG_WARN_INT_CONVERSION = YES;
				CLANG_WARN_NON_LITERAL_NULL_CONVERSION = YES;
				CLANG_WARN_OBJC_IMPLICIT_RETAIN_SELF = YES;
				CLANG_WARN_OBJC_LITERAL_CONVERSION = YES;
				CLANG_WARN_OBJC_ROOT_CLASS = YES_ERROR;
				CLANG_WARN_RANGE_LOOP_ANALYSIS = YES;
				CLANG_WARN_STRICT_PROTOTYPES = YES;
				CLANG_WARN_SUSPICIOUS_MOVE = YES;
				CLANG_WARN_UNGUARDED_AVAILABILITY = YES_AGGRESSIVE;
				CLANG_WARN_UNREACHABLE_CODE = YES;
				CLANG_WARN__DUPLICATE_METHOD_MATCH = YES;
				CODE_SIGN_IDENTITY = "iPhone Developer";
				COPY_PHASE_STRIP = NO;
				DEBUG_INFORMATION_FORMAT = "dwarf-with-dsym";
				ENABLE_NS_ASSERTIONS = NO;
				ENABLE_STRICT_OBJC_MSGSEND = YES;
				GCC_C_LANGUAGE_STANDARD = gnu11;
				GCC_NO_COMMON_BLOCKS = YES;
				GCC_WARN_64_TO_32_BIT_CONVERSION = YES;
				GCC_WARN_ABOUT_RETURN_TYPE = YES_ERROR;
				GCC_WARN_UNDECLARED_SELECTOR = YES;
				GCC_WARN_UNINITIALIZED_AUTOS = YES_AGGRESSIVE;
				GCC_WARN_UNUSED_FUNCTION = YES;
				GCC_WARN_UNUSED_VARIABLE = YES;
				IPHONEOS_DEPLOYMENT_TARGET = 12.0;
				MTL_ENABLE_DEBUG_INFO = NO;
				MTL_FAST_MATH = YES;
				SDKROOT = iphoneos;
				SWIFT_COMPILATION_MODE = wholemodule;
				SWIFT_OPTIMIZATION_LEVEL = "-O";
				VALIDATE_PRODUCT = YES;
			};
			name = Release;
		};
		BC680A1221959687000E4757 /* Debug */ = {
			isa = XCBuildConfiguration;
			buildSettings = {
				ASSETCATALOG_COMPILER_APPICON_NAME = AppIcon;
				CODE_SIGN_STYLE = Automatic;
				DEVELOPMENT_TEAM = 4P7JHDMPGJ;
				INFOPLIST_FILE = "Cash Register/Info.plist";
				LD_RUNPATH_SEARCH_PATHS = (
					"$(inherited)",
					"@executable_path/Frameworks",
				);
				PRODUCT_BUNDLE_IDENTIFIER = "com.litech.Cash-Register";
				PRODUCT_NAME = "$(TARGET_NAME)";
				SWIFT_VERSION = 4.2;
				TARGETED_DEVICE_FAMILY = "1,2";
			};
			name = Debug;
		};
		BC680A1321959687000E4757 /* Release */ = {
			isa = XCBuildConfiguration;
			buildSettings = {
				ASSETCATALOG_COMPILER_APPICON_NAME = AppIcon;
				CODE_SIGN_STYLE = Automatic;
				DEVELOPMENT_TEAM = 4P7JHDMPGJ;
				INFOPLIST_FILE = "Cash Register/Info.plist";
				LD_RUNPATH_SEARCH_PATHS = (
					"$(inherited)",
					"@executable_path/Frameworks",
				);
				PRODUCT_BUNDLE_IDENTIFIER = "com.litech.Cash-Register";
				PRODUCT_NAME = "$(TARGET_NAME)";
				SWIFT_VERSION = 4.2;
				TARGETED_DEVICE_FAMILY = "1,2";
			};
			name = Release;
		};
		BC680A1521959687000E4757 /* Debug */ = {
			isa = XCBuildConfiguration;
			buildSettings = {
				ALWAYS_EMBED_SWIFT_STANDARD_LIBRARIES = YES;
				BUNDLE_LOADER = "$(TEST_HOST)";
				CODE_SIGN_STYLE = Automatic;
				DEVELOPMENT_TEAM = 4P7JHDMPGJ;
				INFOPLIST_FILE = "Cash RegisterTests/Info.plist";
				LD_RUNPATH_SEARCH_PATHS = (
					"$(inherited)",
					"@executable_path/Frameworks",
					"@loader_path/Frameworks",
				);
				PRODUCT_BUNDLE_IDENTIFIER = "com.litech.Cash-RegisterTests";
				PRODUCT_NAME = "$(TARGET_NAME)";
				SWIFT_VERSION = 4.2;
				TARGETED_DEVICE_FAMILY = "1,2";
				TEST_HOST = "$(BUILT_PRODUCTS_DIR)/Cash Register.app/Cash Register";
			};
			name = Debug;
		};
		BC680A1621959687000E4757 /* Release */ = {
			isa = XCBuildConfiguration;
			buildSettings = {
				ALWAYS_EMBED_SWIFT_STANDARD_LIBRARIES = YES;
				BUNDLE_LOADER = "$(TEST_HOST)";
				CODE_SIGN_STYLE = Automatic;
				DEVELOPMENT_TEAM = 4P7JHDMPGJ;
				INFOPLIST_FILE = "Cash RegisterTests/Info.plist";
				LD_RUNPATH_SEARCH_PATHS = (
					"$(inherited)",
					"@executable_path/Frameworks",
					"@loader_path/Frameworks",
				);
				PRODUCT_BUNDLE_IDENTIFIER = "com.litech.Cash-RegisterTests";
				PRODUCT_NAME = "$(TARGET_NAME)";
				SWIFT_VERSION = 4.2;
				TARGETED_DEVICE_FAMILY = "1,2";
				TEST_HOST = "$(BUILT_PRODUCTS_DIR)/Cash Register.app/Cash Register";
			};
			name = Release;
		};
		BC680A1821959687000E4757 /* Debug */ = {
			isa = XCBuildConfiguration;
			buildSettings = {
				ALWAYS_EMBED_SWIFT_STANDARD_LIBRARIES = YES;
				CODE_SIGN_STYLE = Automatic;
				DEVELOPMENT_TEAM = 4P7JHDMPGJ;
				INFOPLIST_FILE = "Cash RegisterUITests/Info.plist";
				LD_RUNPATH_SEARCH_PATHS = (
					"$(inherited)",
					"@executable_path/Frameworks",
					"@loader_path/Frameworks",
				);
				PRODUCT_BUNDLE_IDENTIFIER = "com.litech.Cash-RegisterUITests";
				PRODUCT_NAME = "$(TARGET_NAME)";
				SWIFT_VERSION = 4.2;
				TARGETED_DEVICE_FAMILY = "1,2";
				TEST_TARGET_NAME = "Cash Register";
			};
			name = Debug;
		};
		BC680A1921959687000E4757 /* Release */ = {
			isa = XCBuildConfiguration;
			buildSettings = {
				ALWAYS_EMBED_SWIFT_STANDARD_LIBRARIES = YES;
				CODE_SIGN_STYLE = Automatic;
				DEVELOPMENT_TEAM = 4P7JHDMPGJ;
				INFOPLIST_FILE = "Cash RegisterUITests/Info.plist";
				LD_RUNPATH_SEARCH_PATHS = (
					"$(inherited)",
					"@executable_path/Frameworks",
					"@loader_path/Frameworks",
				);
				PRODUCT_BUNDLE_IDENTIFIER = "com.litech.Cash-RegisterUITests";
				PRODUCT_NAME = "$(TARGET_NAME)";
				SWIFT_VERSION = 4.2;
				TARGETED_DEVICE_FAMILY = "1,2";
				TEST_TARGET_NAME = "Cash Register";
			};
			name = Release;
		};
/* End XCBuildConfiguration section */

/* Begin XCConfigurationList section */
		BC6809E421959686000E4757 /* Build configuration list for PBXProject "Cash Register" */ = {
			isa = XCConfigurationList;
			buildConfigurations = (
				BC680A0F21959687000E4757 /* Debug */,
				BC680A1021959687000E4757 /* Release */,
			);
			defaultConfigurationIsVisible = 0;
			defaultConfigurationName = Release;
		};
		BC680A1121959687000E4757 /* Build configuration list for PBXNativeTarget "Cash Register" */ = {
			isa = XCConfigurationList;
			buildConfigurations = (
				BC680A1221959687000E4757 /* Debug */,
				BC680A1321959687000E4757 /* Release */,
			);
			defaultConfigurationIsVisible = 0;
			defaultConfigurationName = Release;
		};
		BC680A1421959687000E4757 /* Build configuration list for PBXNativeTarget "Cash RegisterTests" */ = {
			isa = XCConfigurationList;
			buildConfigurations = (
				BC680A1521959687000E4757 /* Debug */,
				BC680A1621959687000E4757 /* Release */,
			);
			defaultConfigurationIsVisible = 0;
			defaultConfigurationName = Release;
		};
		BC680A1721959687000E4757 /* Build configuration list for PBXNativeTarget "Cash RegisterUITests" */ = {
			isa = XCConfigurationList;
			buildConfigurations = (
				BC680A1821959687000E4757 /* Debug */,
				BC680A1921959687000E4757 /* Release */,
			);
			defaultConfigurationIsVisible = 0;
			defaultConfigurationName = Release;
		};
/* End XCConfigurationList section */
	};
	rootObject = BC6809E121959686000E4757 /* Project object */;
}
